{
  "nodes": {
    "apm": {
      "inputs": {
        "flake-utils": "flake-utils",
        "nixpkgs": [
          "nixpkgs"
        ]
      },
      "locked": {
        "lastModified": 1658164890,
        "narHash": "sha256-7hvsVSbKsIK+twGzTj0bpb0LNZVTqVMh9guTRD4YcsI=",
        "owner": "adbjesus",
        "repo": "apm",
        "rev": "b6612898cc34ff9d47cb10c97fbf9776d8dab24a",
        "type": "github"
      },
      "original": {
        "owner": "adbjesus",
        "repo": "apm",
        "type": "github"
      }
    },
    "flake-utils": {
      "locked": {
        "lastModified": 1634851050,
        "narHash": "sha256-N83GlSGPJJdcqhUxSCS/WwW5pksYf3VP1M13cDRTSVA=",
        "owner": "numtide",
        "repo": "flake-utils",
        "rev": "c91f3de5adaf1de973b797ef7485e441a65b8935",
        "type": "github"
      },
      "original": {
        "owner": "numtide",
        "repo": "flake-utils",
        "type": "github"
      }
    },
    "flake-utils_2": {
      "locked": {
        "lastModified": 1638122382,
        "narHash": "sha256-sQzZzAbvKEqN9s0bzWuYmRaA03v40gaJ4+iL1LXjaeI=",
        "owner": "numtide",
        "repo": "flake-utils",
        "rev": "74f7e4319258e287b0f9cb95426c9853b282730b",
        "type": "github"
      },
      "original": {
        "owner": "numtide",
        "repo": "flake-utils",
        "type": "github"
      }
    },
    "flake-utils_3": {
      "locked": {
        "lastModified": 1638122382,
        "narHash": "sha256-sQzZzAbvKEqN9s0bzWuYmRaA03v40gaJ4+iL1LXjaeI=",
        "owner": "numtide",
        "repo": "flake-utils",
        "rev": "74f7e4319258e287b0f9cb95426c9853b282730b",
        "type": "github"
      },
      "original": {
        "owner": "numtide",
        "repo": "flake-utils",
        "type": "github"
      }
    },
    "mooutils": {
      "inputs": {
        "flake-utils": "flake-utils_3",
        "nixpkgs": [
          "nixpkgs"
        ]
      },
      "locked": {
        "lastModified": 1658143128,
        "narHash": "sha256-OkKLzsKaPeOkjHpLKBBiX4LgN+iXh5T8w8P48bxJqr4=",
        "owner": "adbjesus",
        "repo": "mooutils",
        "rev": "93c9ae3331af0e3c7b23ae5d0f3518b097dfc8ef",
        "type": "github"
      },
      "original": {
        "owner": "adbjesus",
        "repo": "mooutils",
        "type": "github"
      }
    },
    "nixpkgs": {
      "locked": {
        "lastModified": 1658015103,
        "narHash": "sha256-mO+23f3SO+fBzEvbxRe6GkSB5Xp43CT2sV8Rs8MYdz8=",
        "owner": "nixos",
        "repo": "nixpkgs",
        "rev": "8f485713f5e6b6883a9b6959afa98688360a3ecb",
        "type": "github"
      },
      "original": {
        "owner": "nixos",
        "ref": "nixos-unstable",
        "repo": "nixpkgs",
        "type": "github"
      }
    },
    "root": {
      "inputs": {
        "apm": "apm",
        "flake-utils": "flake-utils_2",
        "mooutils": "mooutils",
        "nixpkgs": "nixpkgs"
      }
    }
  },
  "root": "root",
  "version": 7
}
