{
  "nodes": {
    "apm": {
      "inputs": {
        "flake-utils": "flake-utils",
        "nixpkgs": "nixpkgs"
      },
      "locked": {
        "lastModified": 1639236912,
        "narHash": "sha256-MxwZzG4IyBSoAX62bGGKK0yeS26kV1AqmjcUnbxUmJ8=",
        "ref": "master",
        "rev": "27a2020e5bfc3fce5a93d99903ab9ed5b9953fbb",
        "revCount": 9,
        "type": "git",
        "url": "ssh://git@github.com/adbjesus/apm"
      },
      "original": {
        "type": "git",
        "url": "ssh://git@github.com/adbjesus/apm"
      }
    },
    "flake-utils": {
      "locked": {
        "lastModified": 1634851050,
        "narHash": "sha256-N83GlSGPJJdcqhUxSCS/WwW5pksYf3VP1M13cDRTSVA=",
        "owner": "numtide",
        "repo": "flake-utils",
        "rev": "c91f3de5adaf1de973b797ef7485e441a65b8935",
        "type": "github"
      },
      "original": {
        "owner": "numtide",
        "repo": "flake-utils",
        "type": "github"
      }
    },
    "flake-utils_2": {
      "locked": {
        "lastModified": 1638122382,
        "narHash": "sha256-sQzZzAbvKEqN9s0bzWuYmRaA03v40gaJ4+iL1LXjaeI=",
        "owner": "numtide",
        "repo": "flake-utils",
        "rev": "74f7e4319258e287b0f9cb95426c9853b282730b",
        "type": "github"
      },
      "original": {
        "owner": "numtide",
        "repo": "flake-utils",
        "type": "github"
      }
    },
    "flake-utils_3": {
      "locked": {
        "lastModified": 1631561581,
        "narHash": "sha256-3VQMV5zvxaVLvqqUrNz3iJelLw30mIVSfZmAaauM3dA=",
        "owner": "numtide",
        "repo": "flake-utils",
        "rev": "7e5bf3925f6fbdfaf50a2a7ca0be2879c4261d19",
        "type": "github"
      },
      "original": {
        "owner": "numtide",
        "repo": "flake-utils",
        "type": "github"
      }
    },
    "mooutils": {
      "inputs": {
        "flake-utils": "flake-utils_3",
        "nixpkgs": "nixpkgs_2"
      },
      "locked": {
        "lastModified": 1639049971,
        "narHash": "sha256-zwkXXGmrH/K/IJCPUSSF9Q7gRlqb7v3C9vPmbUi+6JA=",
        "ref": "master",
        "rev": "ce603aa43c2c276445c89e3a3f3804b304dafaa7",
        "revCount": 32,
        "type": "git",
        "url": "ssh://git@git.adbjesus.com/mooutils"
      },
      "original": {
        "type": "git",
        "url": "ssh://git@git.adbjesus.com/mooutils"
      }
    },
    "nixpkgs": {
      "locked": {
        "lastModified": 1636920385,
        "narHash": "sha256-hU61/OxVyWDrv23SzQHTzKfd1JOVdqwpqnWELRN9qeU=",
        "owner": "nixos",
        "repo": "nixpkgs",
        "rev": "9ef49d13de4889dcfa78733bd4efac0c6b9c8ff3",
        "type": "github"
      },
      "original": {
        "owner": "nixos",
        "repo": "nixpkgs",
        "type": "github"
      }
    },
    "nixpkgs_2": {
      "locked": {
        "lastModified": 1634436779,
        "narHash": "sha256-D/nrXTWpe1bPIjFy85sgiLHYqu+AeaC6v5/+KlA9PRg=",
        "owner": "nixos",
        "repo": "nixpkgs",
        "rev": "9aeeb7574fb784eaf6395f4400705b5f619e6cc3",
        "type": "github"
      },
      "original": {
        "owner": "nixos",
        "ref": "nixos-unstable",
        "repo": "nixpkgs",
        "type": "github"
      }
    },
    "nixpkgs_3": {
      "locked": {
        "lastModified": 1639308549,
        "narHash": "sha256-HbK8BkHZHfHA/5nZjgl99IhPoAKXK3NZMVlDvl3Mb8M=",
        "owner": "nixos",
        "repo": "nixpkgs",
        "rev": "558d0e100df756f566de61dd96adaa5fae385f5b",
        "type": "github"
      },
      "original": {
        "owner": "nixos",
        "repo": "nixpkgs",
        "type": "github"
      }
    },
    "root": {
      "inputs": {
        "apm": "apm",
        "flake-utils": "flake-utils_2",
        "mooutils": "mooutils",
        "nixpkgs": "nixpkgs_3"
      }
    }
  },
  "root": "root",
  "version": 7
}
